
Microsoft Visual Studio Solution File, Format Version 12.00
# Visual Studio Version 17
VisualStudioVersion = 17.9.34728.123
MinimumVisualStudioVersion = 10.0.40219.1
Project("{9A19103F-16F7-4668-BE54-9A1E7A4F7556}") = "Cod3rsGrowth.Dominio", "Cod3rsGrowth.Dominio\Cod3rsGrowth.Dominio.csproj", "{275AE471-E52A-4D0B-96B7-7CEC8E54963D}"
EndProject
Project("{9A19103F-16F7-4668-BE54-9A1E7A4F7556}") = "Cod3rsGrowth.Infra", "Cod3rsGrowth.Infra\Cod3rsGrowth.Infra.csproj", "{08536E15-61A4-4517-91EA-C744166CDCAB}"
	ProjectSection(ProjectDependencies) = postProject
		{B2B1BFCA-A54C-4CAF-8DB7-9E38D0CC6B58} = {B2B1BFCA-A54C-4CAF-8DB7-9E38D0CC6B58}
	EndProjectSection
EndProject
Project("{9A19103F-16F7-4668-BE54-9A1E7A4F7556}") = "Cod3rsGrowth.Forms", "Cod3rsGrowth.Forms\Cod3rsGrowth.Forms.csproj", "{A8F8EEF0-3577-47F6-BE3C-3872075EC29E}"
	ProjectSection(ProjectDependencies) = postProject
		{08536E15-61A4-4517-91EA-C744166CDCAB} = {08536E15-61A4-4517-91EA-C744166CDCAB}
	EndProjectSection
EndProject
Project("{9A19103F-16F7-4668-BE54-9A1E7A4F7556}") = "Cod3rsGrowth.Web", "Cod3rsGrowth.Web\Cod3rsGrowth.Web.csproj", "{61361589-B5D7-49F5-A122-6C89864984FB}"
EndProject
Project("{9A19103F-16F7-4668-BE54-9A1E7A4F7556}") = "Cod3rsGrowth.Servico", "Cod3rsGrowth.Servico\Cod3rsGrowth.Servico.csproj", "{B2B1BFCA-A54C-4CAF-8DB7-9E38D0CC6B58}"
	ProjectSection(ProjectDependencies) = postProject
		{275AE471-E52A-4D0B-96B7-7CEC8E54963D} = {275AE471-E52A-4D0B-96B7-7CEC8E54963D}
	EndProjectSection
EndProject
Project("{9A19103F-16F7-4668-BE54-9A1E7A4F7556}") = "Cod3rsGrowth.Teste", "Cod3rsGrowth.Teste\Cod3rsGrowth.Teste.csproj", "{312DD331-13F1-4F5D-8E1A-0FEC9F58CC97}"
EndProject
Global
	GlobalSection(SolutionConfigurationPlatforms) = preSolution
		Debug|Any CPU = Debug|Any CPU
		Release|Any CPU = Release|Any CPU
	EndGlobalSection
	GlobalSection(ProjectConfigurationPlatforms) = postSolution
		{275AE471-E52A-4D0B-96B7-7CEC8E54963D}.Debug|Any CPU.ActiveCfg = Debug|Any CPU
		{275AE471-E52A-4D0B-96B7-7CEC8E54963D}.Debug|Any CPU.Build.0 = Debug|Any CPU
		{275AE471-E52A-4D0B-96B7-7CEC8E54963D}.Release|Any CPU.ActiveCfg = Release|Any CPU
		{275AE471-E52A-4D0B-96B7-7CEC8E54963D}.Release|Any CPU.Build.0 = Release|Any CPU
		{08536E15-61A4-4517-91EA-C744166CDCAB}.Debug|Any CPU.ActiveCfg = Debug|Any CPU
		{08536E15-61A4-4517-91EA-C744166CDCAB}.Debug|Any CPU.Build.0 = Debug|Any CPU
		{08536E15-61A4-4517-91EA-C744166CDCAB}.Release|Any CPU.ActiveCfg = Release|Any CPU
		{08536E15-61A4-4517-91EA-C744166CDCAB}.Release|Any CPU.Build.0 = Release|Any CPU
		{A8F8EEF0-3577-47F6-BE3C-3872075EC29E}.Debug|Any CPU.ActiveCfg = Debug|Any CPU
		{A8F8EEF0-3577-47F6-BE3C-3872075EC29E}.Debug|Any CPU.Build.0 = Debug|Any CPU
		{A8F8EEF0-3577-47F6-BE3C-3872075EC29E}.Release|Any CPU.ActiveCfg = Release|Any CPU
		{A8F8EEF0-3577-47F6-BE3C-3872075EC29E}.Release|Any CPU.Build.0 = Release|Any CPU
		{61361589-B5D7-49F5-A122-6C89864984FB}.Debug|Any CPU.ActiveCfg = Debug|Any CPU
		{61361589-B5D7-49F5-A122-6C89864984FB}.Debug|Any CPU.Build.0 = Debug|Any CPU
		{61361589-B5D7-49F5-A122-6C89864984FB}.Release|Any CPU.ActiveCfg = Release|Any CPU
		{61361589-B5D7-49F5-A122-6C89864984FB}.Release|Any CPU.Build.0 = Release|Any CPU
		{B2B1BFCA-A54C-4CAF-8DB7-9E38D0CC6B58}.Debug|Any CPU.ActiveCfg = Debug|Any CPU
		{B2B1BFCA-A54C-4CAF-8DB7-9E38D0CC6B58}.Debug|Any CPU.Build.0 = Debug|Any CPU
		{B2B1BFCA-A54C-4CAF-8DB7-9E38D0CC6B58}.Release|Any CPU.ActiveCfg = Release|Any CPU
		{B2B1BFCA-A54C-4CAF-8DB7-9E38D0CC6B58}.Release|Any CPU.Build.0 = Release|Any CPU
		{312DD331-13F1-4F5D-8E1A-0FEC9F58CC97}.Debug|Any CPU.ActiveCfg = Debug|Any CPU
		{312DD331-13F1-4F5D-8E1A-0FEC9F58CC97}.Debug|Any CPU.Build.0 = Debug|Any CPU
		{312DD331-13F1-4F5D-8E1A-0FEC9F58CC97}.Release|Any CPU.ActiveCfg = Release|Any CPU
		{312DD331-13F1-4F5D-8E1A-0FEC9F58CC97}.Release|Any CPU.Build.0 = Release|Any CPU
	EndGlobalSection
	GlobalSection(SolutionProperties) = preSolution
		HideSolutionNode = FALSE
	EndGlobalSection
	GlobalSection(ExtensibilityGlobals) = postSolution
		SolutionGuid = {A7704642-02EE-432E-A86B-673F648FA0BC}
	EndGlobalSection
EndGlobal
